
Microsoft Visual Studio Solution File, Format Version 12.00
# Visual Studio 2012
Project("{FAE04EC0-301F-11D3-BF4B-00C04F79EFBC}") = "JamesRiverLevel", "JamesRiverLevel\JamesRiverLevel.csproj", "{B634B045-970A-4D00-B0B9-15C76A1CB206}"
EndProject
Project("{FAE04EC0-301F-11D3-BF4B-00C04F79EFBC}") = "JamesRiverLevel.Tests", "JamesRiverLevel.Tests\JamesRiverLevel.Tests.csproj", "{E74F534E-89E3-4C1C-A28C-A74FE0006732}"
EndProject
Global
	GlobalSection(SolutionConfigurationPlatforms) = preSolution
		Debug|Any CPU = Debug|Any CPU
		Release|Any CPU = Release|Any CPU
	EndGlobalSection
	GlobalSection(ProjectConfigurationPlatforms) = postSolution
		{B634B045-970A-4D00-B0B9-15C76A1CB206}.Debug|Any CPU.ActiveCfg = Debug|Any CPU
		{B634B045-970A-4D00-B0B9-15C76A1CB206}.Debug|Any CPU.Build.0 = Debug|Any CPU
		{B634B045-970A-4D00-B0B9-15C76A1CB206}.Release|Any CPU.ActiveCfg = Release|Any CPU
		{B634B045-970A-4D00-B0B9-15C76A1CB206}.Release|Any CPU.Build.0 = Release|Any CPU
		{E74F534E-89E3-4C1C-A28C-A74FE0006732}.Debug|Any CPU.ActiveCfg = Debug|Any CPU
		{E74F534E-89E3-4C1C-A28C-A74FE0006732}.Debug|Any CPU.Build.0 = Debug|Any CPU
		{E74F534E-89E3-4C1C-A28C-A74FE0006732}.Release|Any CPU.ActiveCfg = Release|Any CPU
		{E74F534E-89E3-4C1C-A28C-A74FE0006732}.Release|Any CPU.Build.0 = Release|Any CPU
	EndGlobalSection
	GlobalSection(SolutionProperties) = preSolution
		HideSolutionNode = FALSE
	EndGlobalSection
EndGlobal
